
Microsoft Visual Studio Solution File, Format Version 12.00
# Visual Studio Version 17
VisualStudioVersion = 17.14.36212.18
MinimumVisualStudioVersion = 10.0.40219.1
Project("{FAE04EC0-301F-11D3-BF4B-00C04F79EFBC}") = "OOP03", "OOP03\OOP03.csproj", "{B7DBD7EB-D252-4A06-B6BD-E4B827C62B42}"
EndProject
Project("{FAE04EC0-301F-11D3-BF4B-00C04F79EFBC}") = "Assignment3_OOP", "Assignment3_OOP\Assignment3_OOP.csproj", "{E5B154D4-C4A2-4DCD-91A5-0D0BF6C41575}"
EndProject
Global
	GlobalSection(SolutionConfigurationPlatforms) = preSolution
		Debug|Any CPU = Debug|Any CPU
		Release|Any CPU = Release|Any CPU
	EndGlobalSection
	GlobalSection(ProjectConfigurationPlatforms) = postSolution
		{B7DBD7EB-D252-4A06-B6BD-E4B827C62B42}.Debug|Any CPU.ActiveCfg = Debug|Any CPU
		{B7DBD7EB-D252-4A06-B6BD-E4B827C62B42}.Debug|Any CPU.Build.0 = Debug|Any CPU
		{B7DBD7EB-D252-4A06-B6BD-E4B827C62B42}.Release|Any CPU.ActiveCfg = Release|Any CPU
		{B7DBD7EB-D252-4A06-B6BD-E4B827C62B42}.Release|Any CPU.Build.0 = Release|Any CPU
		{E5B154D4-C4A2-4DCD-91A5-0D0BF6C41575}.Debug|Any CPU.ActiveCfg = Debug|Any CPU
		{E5B154D4-C4A2-4DCD-91A5-0D0BF6C41575}.Debug|Any CPU.Build.0 = Debug|Any CPU
		{E5B154D4-C4A2-4DCD-91A5-0D0BF6C41575}.Release|Any CPU.ActiveCfg = Release|Any CPU
		{E5B154D4-C4A2-4DCD-91A5-0D0BF6C41575}.Release|Any CPU.Build.0 = Release|Any CPU
	EndGlobalSection
	GlobalSection(SolutionProperties) = preSolution
		HideSolutionNode = FALSE
	EndGlobalSection
	GlobalSection(ExtensibilityGlobals) = postSolution
		SolutionGuid = {BC195C67-2150-4A01-8A32-2AA3CFA97F1D}
	EndGlobalSection
EndGlobal
